
Microsoft Visual Studio Solution File, Format Version 12.00
# Visual Studio Version 17
VisualStudioVersion = 17.14.36408.4
MinimumVisualStudioVersion = 10.0.40219.1
Project("{2150E333-8FDC-42A3-9474-1A3956D46DE8}") = "src", "src", "{02EA681E-C7D8-13C7-8484-4AC65E1B71E8}"
EndProject
Project("{FAE04EC0-301F-11D3-BF4B-00C04F79EFBC}") = "ApartmentManagemanentSystem.API", "ApartmentManagemanentSystem\ApartmentManagemanentSystem.API.csproj", "{6423ECD2-13E8-1F68-922D-ABC7F65895D4}"
EndProject
Project("{2150E333-8FDC-42A3-9474-1A3956D46DE8}") = "Identity", "Identity", "{A2FCBA61-A82D-4708-A18B-CD412B808032}"
EndProject
Project("{2150E333-8FDC-42A3-9474-1A3956D46DE8}") = "Leasing", "Leasing", "{2A038599-9A68-4DBA-83BC-72DDB4A38155}"
EndProject
Project("{FAE04EC0-301F-11D3-BF4B-00C04F79EFBC}") = "Identity.Controller", "Identity\Identity.Controller\Identity.Controller.csproj", "{5FD0D713-BC54-45EE-800C-F064517365E0}"
EndProject
Project("{FAE04EC0-301F-11D3-BF4B-00C04F79EFBC}") = "Identity.Domain", "Identity\Identity.Domain\Identity.Domain.csproj", "{7CA29A7E-D00C-4E84-9E1F-699E0E239F51}"
EndProject
Project("{FAE04EC0-301F-11D3-BF4B-00C04F79EFBC}") = "Identity.Application", "Identity\Identity.Application\Identity.Application.csproj", "{E3D5B44F-FAA5-4136-B76C-F9C2471711A1}"
EndProject
Project("{FAE04EC0-301F-11D3-BF4B-00C04F79EFBC}") = "Identity.Infrastructure", "Identity\Identity.Infrastructure\Identity.Infrastructure.csproj", "{851141BB-7C71-48B2-902F-5451D2B13C3D}"
EndProject
Project("{FAE04EC0-301F-11D3-BF4B-00C04F79EFBC}") = "Identity.IntegrationEvent", "identity\Identity.IntegrationEvent\Identity.IntegrationEvent.csproj", "{BE8F249F-AD52-4B95-AEC3-AE44548E9275}"
EndProject
Project("{FAE04EC0-301F-11D3-BF4B-00C04F79EFBC}") = "ApartmentManagementSystem.SharedKernel", "ApartmentManagementSystem.SharedKernel\ApartmentManagementSystem.SharedKernel.csproj", "{F4A20E44-0744-4DA0-A3F8-F60D9EBD7B39}"
EndProject
Project("{FAE04EC0-301F-11D3-BF4B-00C04F79EFBC}") = "ApartmentManagementSystem.Contracts", "ApartmentManagementSystem.Contracts\ApartmentManagementSystem.Contracts.csproj", "{A4E3178A-1A57-483C-8B47-57EE2FDDB10D}"
EndProject
Project("{FAE04EC0-301F-11D3-BF4B-00C04F79EFBC}") = "Leasing.Domain", "Leasing\Leasing.Domain\Leasing.Domain.csproj", "{CE6D6A5A-DB23-4F88-8AC8-FBA6E6E0FC33}"
EndProject
Project("{FAE04EC0-301F-11D3-BF4B-00C04F79EFBC}") = "Leasing.Application", "leasing\Leasing.Application\Leasing.Application.csproj", "{47820692-13E2-4073-BBD9-B6F36CE422F2}"
EndProject
Project("{FAE04EC0-301F-11D3-BF4B-00C04F79EFBC}") = "Leasing.Controller", "Leasing\Leasing.Controller\Leasing.Controller.csproj", "{AE433E92-BC05-45A8-9FA7-2E3CB88DA1D5}"
EndProject
Project("{FAE04EC0-301F-11D3-BF4B-00C04F79EFBC}") = "Leasing.Infrastructure", "Leasing\Leasing.Infrastructure\Leasing.Infrastructure.csproj", "{34F6E5B1-64D0-499F-8A28-E8623AB42382}"
EndProject
Project("{2150E333-8FDC-42A3-9474-1A3956D46DE8}") = "Billing", "Billing", "{9BCE9DBD-F74C-47B1-B961-B20156E047EF}"
EndProject
Project("{FAE04EC0-301F-11D3-BF4B-00C04F79EFBC}") = "Billing.Domain", "Billing\Billing.Domain\Billing.Domain.csproj", "{916C7756-95BE-4B00-B94C-BD16C6D66A5E}"
EndProject
Project("{2150E333-8FDC-42A3-9474-1A3956D46DE8}") = "Property", "Property", "{C8A1D43D-EA7F-4DB8-985C-64448540C486}"
EndProject
Project("{FAE04EC0-301F-11D3-BF4B-00C04F79EFBC}") = "Property.Domain", "Property\Property.Domain\Property.Domain.csproj", "{98662F33-2D0B-4DA7-B726-2DD8BEDB42D6}"
EndProject
Project("{FAE04EC0-301F-11D3-BF4B-00C04F79EFBC}") = "Property.Application", "Property\Property.Application\Property.Application.csproj", "{ABF46D9B-23BC-49F0-93B5-D9E1702451F8}"
EndProject
Project("{FAE04EC0-301F-11D3-BF4B-00C04F79EFBC}") = "Property.Infrastructure", "Property\Property.Infrastructure\Property.Infrastructure.csproj", "{D6B76CCC-8B21-4F07-902D-84D42C66BF28}"
EndProject
Project("{FAE04EC0-301F-11D3-BF4B-00C04F79EFBC}") = "Property.Controller", "Property\Property.Controller\Property.Controller.csproj", "{3D7F1B29-0880-49B2-88C7-F3B071351A46}"
EndProject
Global
	GlobalSection(SolutionConfigurationPlatforms) = preSolution
		Debug|Any CPU = Debug|Any CPU
		Release|Any CPU = Release|Any CPU
	EndGlobalSection
	GlobalSection(ProjectConfigurationPlatforms) = postSolution
		{6423ECD2-13E8-1F68-922D-ABC7F65895D4}.Debug|Any CPU.ActiveCfg = Debug|Any CPU
		{6423ECD2-13E8-1F68-922D-ABC7F65895D4}.Debug|Any CPU.Build.0 = Debug|Any CPU
		{6423ECD2-13E8-1F68-922D-ABC7F65895D4}.Release|Any CPU.ActiveCfg = Release|Any CPU
		{6423ECD2-13E8-1F68-922D-ABC7F65895D4}.Release|Any CPU.Build.0 = Release|Any CPU
		{5FD0D713-BC54-45EE-800C-F064517365E0}.Debug|Any CPU.ActiveCfg = Debug|Any CPU
		{5FD0D713-BC54-45EE-800C-F064517365E0}.Debug|Any CPU.Build.0 = Debug|Any CPU
		{5FD0D713-BC54-45EE-800C-F064517365E0}.Release|Any CPU.ActiveCfg = Release|Any CPU
		{5FD0D713-BC54-45EE-800C-F064517365E0}.Release|Any CPU.Build.0 = Release|Any CPU
		{7CA29A7E-D00C-4E84-9E1F-699E0E239F51}.Debug|Any CPU.ActiveCfg = Debug|Any CPU
		{7CA29A7E-D00C-4E84-9E1F-699E0E239F51}.Debug|Any CPU.Build.0 = Debug|Any CPU
		{7CA29A7E-D00C-4E84-9E1F-699E0E239F51}.Release|Any CPU.ActiveCfg = Release|Any CPU
		{7CA29A7E-D00C-4E84-9E1F-699E0E239F51}.Release|Any CPU.Build.0 = Release|Any CPU
		{E3D5B44F-FAA5-4136-B76C-F9C2471711A1}.Debug|Any CPU.ActiveCfg = Debug|Any CPU
		{E3D5B44F-FAA5-4136-B76C-F9C2471711A1}.Debug|Any CPU.Build.0 = Debug|Any CPU
		{E3D5B44F-FAA5-4136-B76C-F9C2471711A1}.Release|Any CPU.ActiveCfg = Release|Any CPU
		{E3D5B44F-FAA5-4136-B76C-F9C2471711A1}.Release|Any CPU.Build.0 = Release|Any CPU
		{851141BB-7C71-48B2-902F-5451D2B13C3D}.Debug|Any CPU.ActiveCfg = Debug|Any CPU
		{851141BB-7C71-48B2-902F-5451D2B13C3D}.Debug|Any CPU.Build.0 = Debug|Any CPU
		{851141BB-7C71-48B2-902F-5451D2B13C3D}.Release|Any CPU.ActiveCfg = Release|Any CPU
		{851141BB-7C71-48B2-902F-5451D2B13C3D}.Release|Any CPU.Build.0 = Release|Any CPU
		{BE8F249F-AD52-4B95-AEC3-AE44548E9275}.Debug|Any CPU.ActiveCfg = Debug|Any CPU
		{BE8F249F-AD52-4B95-AEC3-AE44548E9275}.Debug|Any CPU.Build.0 = Debug|Any CPU
		{BE8F249F-AD52-4B95-AEC3-AE44548E9275}.Release|Any CPU.ActiveCfg = Release|Any CPU
		{BE8F249F-AD52-4B95-AEC3-AE44548E9275}.Release|Any CPU.Build.0 = Release|Any CPU
		{F4A20E44-0744-4DA0-A3F8-F60D9EBD7B39}.Debug|Any CPU.ActiveCfg = Debug|Any CPU
		{F4A20E44-0744-4DA0-A3F8-F60D9EBD7B39}.Debug|Any CPU.Build.0 = Debug|Any CPU
		{F4A20E44-0744-4DA0-A3F8-F60D9EBD7B39}.Release|Any CPU.ActiveCfg = Release|Any CPU
		{F4A20E44-0744-4DA0-A3F8-F60D9EBD7B39}.Release|Any CPU.Build.0 = Release|Any CPU
		{A4E3178A-1A57-483C-8B47-57EE2FDDB10D}.Debug|Any CPU.ActiveCfg = Debug|Any CPU
		{A4E3178A-1A57-483C-8B47-57EE2FDDB10D}.Debug|Any CPU.Build.0 = Debug|Any CPU
		{A4E3178A-1A57-483C-8B47-57EE2FDDB10D}.Release|Any CPU.ActiveCfg = Release|Any CPU
		{A4E3178A-1A57-483C-8B47-57EE2FDDB10D}.Release|Any CPU.Build.0 = Release|Any CPU
		{CE6D6A5A-DB23-4F88-8AC8-FBA6E6E0FC33}.Debug|Any CPU.ActiveCfg = Debug|Any CPU
		{CE6D6A5A-DB23-4F88-8AC8-FBA6E6E0FC33}.Debug|Any CPU.Build.0 = Debug|Any CPU
		{CE6D6A5A-DB23-4F88-8AC8-FBA6E6E0FC33}.Release|Any CPU.ActiveCfg = Release|Any CPU
		{CE6D6A5A-DB23-4F88-8AC8-FBA6E6E0FC33}.Release|Any CPU.Build.0 = Release|Any CPU
		{47820692-13E2-4073-BBD9-B6F36CE422F2}.Debug|Any CPU.ActiveCfg = Debug|Any CPU
		{47820692-13E2-4073-BBD9-B6F36CE422F2}.Debug|Any CPU.Build.0 = Debug|Any CPU
		{47820692-13E2-4073-BBD9-B6F36CE422F2}.Release|Any CPU.ActiveCfg = Release|Any CPU
		{47820692-13E2-4073-BBD9-B6F36CE422F2}.Release|Any CPU.Build.0 = Release|Any CPU
		{AE433E92-BC05-45A8-9FA7-2E3CB88DA1D5}.Debug|Any CPU.ActiveCfg = Debug|Any CPU
		{AE433E92-BC05-45A8-9FA7-2E3CB88DA1D5}.Debug|Any CPU.Build.0 = Debug|Any CPU
		{AE433E92-BC05-45A8-9FA7-2E3CB88DA1D5}.Release|Any CPU.ActiveCfg = Release|Any CPU
		{AE433E92-BC05-45A8-9FA7-2E3CB88DA1D5}.Release|Any CPU.Build.0 = Release|Any CPU
		{34F6E5B1-64D0-499F-8A28-E8623AB42382}.Debug|Any CPU.ActiveCfg = Debug|Any CPU
		{34F6E5B1-64D0-499F-8A28-E8623AB42382}.Debug|Any CPU.Build.0 = Debug|Any CPU
		{34F6E5B1-64D0-499F-8A28-E8623AB42382}.Release|Any CPU.ActiveCfg = Release|Any CPU
		{34F6E5B1-64D0-499F-8A28-E8623AB42382}.Release|Any CPU.Build.0 = Release|Any CPU
		{916C7756-95BE-4B00-B94C-BD16C6D66A5E}.Debug|Any CPU.ActiveCfg = Debug|Any CPU
		{916C7756-95BE-4B00-B94C-BD16C6D66A5E}.Debug|Any CPU.Build.0 = Debug|Any CPU
		{916C7756-95BE-4B00-B94C-BD16C6D66A5E}.Release|Any CPU.ActiveCfg = Release|Any CPU
		{916C7756-95BE-4B00-B94C-BD16C6D66A5E}.Release|Any CPU.Build.0 = Release|Any CPU
		{98662F33-2D0B-4DA7-B726-2DD8BEDB42D6}.Debug|Any CPU.ActiveCfg = Debug|Any CPU
		{98662F33-2D0B-4DA7-B726-2DD8BEDB42D6}.Debug|Any CPU.Build.0 = Debug|Any CPU
		{98662F33-2D0B-4DA7-B726-2DD8BEDB42D6}.Release|Any CPU.ActiveCfg = Release|Any CPU
		{98662F33-2D0B-4DA7-B726-2DD8BEDB42D6}.Release|Any CPU.Build.0 = Release|Any CPU
		{ABF46D9B-23BC-49F0-93B5-D9E1702451F8}.Debug|Any CPU.ActiveCfg = Debug|Any CPU
		{ABF46D9B-23BC-49F0-93B5-D9E1702451F8}.Debug|Any CPU.Build.0 = Debug|Any CPU
		{ABF46D9B-23BC-49F0-93B5-D9E1702451F8}.Release|Any CPU.ActiveCfg = Release|Any CPU
		{ABF46D9B-23BC-49F0-93B5-D9E1702451F8}.Release|Any CPU.Build.0 = Release|Any CPU
		{D6B76CCC-8B21-4F07-902D-84D42C66BF28}.Debug|Any CPU.ActiveCfg = Debug|Any CPU
		{D6B76CCC-8B21-4F07-902D-84D42C66BF28}.Debug|Any CPU.Build.0 = Debug|Any CPU
		{D6B76CCC-8B21-4F07-902D-84D42C66BF28}.Release|Any CPU.ActiveCfg = Release|Any CPU
		{D6B76CCC-8B21-4F07-902D-84D42C66BF28}.Release|Any CPU.Build.0 = Release|Any CPU
		{3D7F1B29-0880-49B2-88C7-F3B071351A46}.Debug|Any CPU.ActiveCfg = Debug|Any CPU
		{3D7F1B29-0880-49B2-88C7-F3B071351A46}.Debug|Any CPU.Build.0 = Debug|Any CPU
		{3D7F1B29-0880-49B2-88C7-F3B071351A46}.Release|Any CPU.ActiveCfg = Release|Any CPU
		{3D7F1B29-0880-49B2-88C7-F3B071351A46}.Release|Any CPU.Build.0 = Release|Any CPU
	EndGlobalSection
	GlobalSection(SolutionProperties) = preSolution
		HideSolutionNode = FALSE
	EndGlobalSection
	GlobalSection(NestedProjects) = preSolution
		{6423ECD2-13E8-1F68-922D-ABC7F65895D4} = {02EA681E-C7D8-13C7-8484-4AC65E1B71E8}
		{A2FCBA61-A82D-4708-A18B-CD412B808032} = {02EA681E-C7D8-13C7-8484-4AC65E1B71E8}
		{2A038599-9A68-4DBA-83BC-72DDB4A38155} = {02EA681E-C7D8-13C7-8484-4AC65E1B71E8}
		{5FD0D713-BC54-45EE-800C-F064517365E0} = {A2FCBA61-A82D-4708-A18B-CD412B808032}
		{7CA29A7E-D00C-4E84-9E1F-699E0E239F51} = {A2FCBA61-A82D-4708-A18B-CD412B808032}
		{E3D5B44F-FAA5-4136-B76C-F9C2471711A1} = {A2FCBA61-A82D-4708-A18B-CD412B808032}
		{851141BB-7C71-48B2-902F-5451D2B13C3D} = {A2FCBA61-A82D-4708-A18B-CD412B808032}
		{BE8F249F-AD52-4B95-AEC3-AE44548E9275} = {A2FCBA61-A82D-4708-A18B-CD412B808032}
		{F4A20E44-0744-4DA0-A3F8-F60D9EBD7B39} = {02EA681E-C7D8-13C7-8484-4AC65E1B71E8}
		{A4E3178A-1A57-483C-8B47-57EE2FDDB10D} = {02EA681E-C7D8-13C7-8484-4AC65E1B71E8}
		{CE6D6A5A-DB23-4F88-8AC8-FBA6E6E0FC33} = {2A038599-9A68-4DBA-83BC-72DDB4A38155}
		{47820692-13E2-4073-BBD9-B6F36CE422F2} = {2A038599-9A68-4DBA-83BC-72DDB4A38155}
		{AE433E92-BC05-45A8-9FA7-2E3CB88DA1D5} = {2A038599-9A68-4DBA-83BC-72DDB4A38155}
		{34F6E5B1-64D0-499F-8A28-E8623AB42382} = {2A038599-9A68-4DBA-83BC-72DDB4A38155}
		{9BCE9DBD-F74C-47B1-B961-B20156E047EF} = {02EA681E-C7D8-13C7-8484-4AC65E1B71E8}
		{916C7756-95BE-4B00-B94C-BD16C6D66A5E} = {9BCE9DBD-F74C-47B1-B961-B20156E047EF}
		{C8A1D43D-EA7F-4DB8-985C-64448540C486} = {02EA681E-C7D8-13C7-8484-4AC65E1B71E8}
		{98662F33-2D0B-4DA7-B726-2DD8BEDB42D6} = {C8A1D43D-EA7F-4DB8-985C-64448540C486}
		{ABF46D9B-23BC-49F0-93B5-D9E1702451F8} = {C8A1D43D-EA7F-4DB8-985C-64448540C486}
		{D6B76CCC-8B21-4F07-902D-84D42C66BF28} = {C8A1D43D-EA7F-4DB8-985C-64448540C486}
		{3D7F1B29-0880-49B2-88C7-F3B071351A46} = {C8A1D43D-EA7F-4DB8-985C-64448540C486}
	EndGlobalSection
	GlobalSection(ExtensibilityGlobals) = postSolution
		SolutionGuid = {A5E2B8B8-1450-4A78-B451-573CA43F9B30}
	EndGlobalSection
EndGlobal
